
Microsoft Visual Studio Solution File, Format Version 12.00
# Visual Studio Version 17
VisualStudioVersion = 17.14.36511.14 d17.14
MinimumVisualStudioVersion = 10.0.40219.1
Project("{FAE04EC0-301F-11D3-BF4B-00C04F79EFBC}") = "Eduflex", "..\Eduflex\Eduflex\Eduflex.csproj", "{C4DCED29-FE82-049F-0799-6AF3FC59FC66}"
EndProject
Project("{E24C65DC-7377-472B-9ABA-BC803B73C61A}") = "eduflex-Angular", "..\eduflex-Angular\", "{C803EF86-A142-7A59-1918-306C716B6BC2}"
	ProjectSection(WebsiteProperties) = preProject
		TargetFrameworkMoniker = ".NETFramework,Version%3Dv4.8"
		Debug.AspNetCompiler.VirtualPath = "/localhost_54518"
		Debug.AspNetCompiler.PhysicalPath = "..\eduflex-Angular\"
		Debug.AspNetCompiler.TargetPath = "PrecompiledWeb\localhost_54518\"
		Debug.AspNetCompiler.Updateable = "true"
		Debug.AspNetCompiler.ForceOverwrite = "true"
		Debug.AspNetCompiler.FixedNames = "false"
		Debug.AspNetCompiler.Debug = "True"
		Release.AspNetCompiler.VirtualPath = "/localhost_54518"
		Release.AspNetCompiler.PhysicalPath = "..\eduflex-Angular\"
		Release.AspNetCompiler.TargetPath = "PrecompiledWeb\localhost_54518\"
		Release.AspNetCompiler.Updateable = "true"
		Release.AspNetCompiler.ForceOverwrite = "true"
		Release.AspNetCompiler.FixedNames = "false"
		Release.AspNetCompiler.Debug = "False"
		VWDPort = "54518"
		SlnRelativePath = "..\eduflex-Angular\"
	EndProjectSection
EndProject
Project("{FAE04EC0-301F-11D3-BF4B-00C04F79EFBC}") = "DBMigration", "..\Eduflex\DBMigration\DBMigration.csproj", "{44633290-7864-664C-F847-0EC63546E9B3}"
EndProject
Global
	GlobalSection(SolutionConfigurationPlatforms) = preSolution
		Debug|Any CPU = Debug|Any CPU
		Release|Any CPU = Release|Any CPU
	EndGlobalSection
	GlobalSection(ProjectConfigurationPlatforms) = postSolution
		{C4DCED29-FE82-049F-0799-6AF3FC59FC66}.Debug|Any CPU.ActiveCfg = Debug|Any CPU
		{C4DCED29-FE82-049F-0799-6AF3FC59FC66}.Debug|Any CPU.Build.0 = Debug|Any CPU
		{C4DCED29-FE82-049F-0799-6AF3FC59FC66}.Release|Any CPU.ActiveCfg = Release|Any CPU
		{C4DCED29-FE82-049F-0799-6AF3FC59FC66}.Release|Any CPU.Build.0 = Release|Any CPU
		{C803EF86-A142-7A59-1918-306C716B6BC2}.Debug|Any CPU.ActiveCfg = Debug|Any CPU
		{C803EF86-A142-7A59-1918-306C716B6BC2}.Debug|Any CPU.Build.0 = Debug|Any CPU
		{C803EF86-A142-7A59-1918-306C716B6BC2}.Release|Any CPU.ActiveCfg = Debug|Any CPU
		{C803EF86-A142-7A59-1918-306C716B6BC2}.Release|Any CPU.Build.0 = Debug|Any CPU
		{44633290-7864-664C-F847-0EC63546E9B3}.Debug|Any CPU.ActiveCfg = Debug|Any CPU
		{44633290-7864-664C-F847-0EC63546E9B3}.Debug|Any CPU.Build.0 = Debug|Any CPU
		{44633290-7864-664C-F847-0EC63546E9B3}.Release|Any CPU.ActiveCfg = Release|Any CPU
		{44633290-7864-664C-F847-0EC63546E9B3}.Release|Any CPU.Build.0 = Release|Any CPU
	EndGlobalSection
	GlobalSection(SolutionProperties) = preSolution
		HideSolutionNode = FALSE
	EndGlobalSection
	GlobalSection(ExtensibilityGlobals) = postSolution
		SolutionGuid = {20AF1AF9-A5A4-4F31-8F62-1C09BD8673C6}
	EndGlobalSection
EndGlobal
